
Microsoft Visual Studio Solution File, Format Version 12.00
Project("{FAE04EC0-301F-11D3-BF4B-00C04F79EFBC}") = "ZLabs", "ZLabs\ZLabs.csproj", "{ACA9424B-2B65-489C-ACDC-0C6C111F1E6B}"
EndProject
Project("{FAE04EC0-301F-11D3-BF4B-00C04F79EFBC}") = "HardwareLib", "HardwareLib\HardwareLib.csproj", "{D230C04C-C810-4510-A137-108967769E1D}"
EndProject
Global
	GlobalSection(SolutionConfigurationPlatforms) = preSolution
		Debug|Any CPU = Debug|Any CPU
		Release|Any CPU = Release|Any CPU
	EndGlobalSection
	GlobalSection(ProjectConfigurationPlatforms) = postSolution
		{ACA9424B-2B65-489C-ACDC-0C6C111F1E6B}.Debug|Any CPU.ActiveCfg = Debug|Any CPU
		{ACA9424B-2B65-489C-ACDC-0C6C111F1E6B}.Debug|Any CPU.Build.0 = Debug|Any CPU
		{ACA9424B-2B65-489C-ACDC-0C6C111F1E6B}.Release|Any CPU.ActiveCfg = Release|Any CPU
		{ACA9424B-2B65-489C-ACDC-0C6C111F1E6B}.Release|Any CPU.Build.0 = Release|Any CPU
		{D230C04C-C810-4510-A137-108967769E1D}.Debug|Any CPU.ActiveCfg = Debug|Any CPU
		{D230C04C-C810-4510-A137-108967769E1D}.Debug|Any CPU.Build.0 = Debug|Any CPU
		{D230C04C-C810-4510-A137-108967769E1D}.Release|Any CPU.ActiveCfg = Release|Any CPU
		{D230C04C-C810-4510-A137-108967769E1D}.Release|Any CPU.Build.0 = Release|Any CPU
	EndGlobalSection
EndGlobal
